
Microsoft Visual Studio Solution File, Format Version 12.00
# Visual Studio 15
VisualStudioVersion = 15.0.28307.1321
MinimumVisualStudioVersion = 10.0.40219.1
Project("{FAE04EC0-301F-11D3-BF4B-00C04F79EFBC}") = "UserDashboard", "UserDashboard\UserDashboard.csproj", "{7A515C8F-3A70-44A5-9B0A-FDFC3D4BCEE6}"
EndProject
Global
	GlobalSection(SolutionConfigurationPlatforms) = preSolution
		Debug|Any CPU = Debug|Any CPU
		Release|Any CPU = Release|Any CPU
	EndGlobalSection
	GlobalSection(ProjectConfigurationPlatforms) = postSolution
		{7A515C8F-3A70-44A5-9B0A-FDFC3D4BCEE6}.Debug|Any CPU.ActiveCfg = Debug|Any CPU
		{7A515C8F-3A70-44A5-9B0A-FDFC3D4BCEE6}.Debug|Any CPU.Build.0 = Debug|Any CPU
		{7A515C8F-3A70-44A5-9B0A-FDFC3D4BCEE6}.Release|Any CPU.ActiveCfg = Release|Any CPU
		{7A515C8F-3A70-44A5-9B0A-FDFC3D4BCEE6}.Release|Any CPU.Build.0 = Release|Any CPU
	EndGlobalSection
	GlobalSection(SolutionProperties) = preSolution
		HideSolutionNode = FALSE
	EndGlobalSection
	GlobalSection(ExtensibilityGlobals) = postSolution
		SolutionGuid = {8CA07672-ABB8-40DA-B62E-3064B3BC918F}
	EndGlobalSection
EndGlobal
